---
version: 1
pinned_version: v1.0.0
digest: sha256:29cbf196ec6fcd9572028237107c3254f369f21fd6925b80ba743683b2ea6db2
profiles:
  - id: os-image
    version: v1.0.0
    digest:
      sha256:a12fad5cad3ba7c779ff9ec7430df26dad2c600fd06a7f1b36dc4612b480e3ce
facets:
  - id: agent:sandboxed
    version: v1.0.0
    digest:
      sha256:bc87486dea71e54d20549d6054dcf290d3d700e37b304cbdb6d6c1a2def895f2
  - id: docs:seo-portal
    version: v1.0.0
    digest:
      sha256:145722c161ed8e436369d573c2b736fe7f579b8a1e33a85119e3b10268563428
