version: 1
pinned_version: v1.0.0
digest: sha256:e5ca3302a426fecc5e1f3651b4d47249570b11c7b14f25ed24ffbe8b70bb4924
profiles:
    - id: os-image
      version: v1.0.0
      digest: sha256:236ba3a1bb7dcdde43e86a46cb49dd935ef8070ecd39584045510df842ff136f
facets:
    - id: agent:sandboxed
      version: v1.0.0
      digest: sha256:0ef3ebf5423873d200e12ba405ca93b3064c57eedf9091852f2d69316dfb7c63
    - id: docs:seo-portal
      version: v1.0.0
      digest: sha256:3381e1b7ab5cfb1029fa1b96cd84c7d3d5a890bc2d1f340a7b4e8b5bf61e2256
